
Microsoft Visual Studio Solution File, Format Version 12.00
# Visual Studio Version 17
VisualStudioVersion = 17.0.31912.275
MinimumVisualStudioVersion = 10.0.40219.1
Project("{FAE04EC0-301F-11D3-BF4B-00C04F79EFBC}") = "TreeSize.App", "TreeSize.App\TreeSize.App.csproj", "{EC3489EB-42AA-49EE-8542-45BEEE1BB71F}"
EndProject
Project("{FAE04EC0-301F-11D3-BF4B-00C04F79EFBC}") = "TreeSize.Core", "TreeSize.Core\TreeSize.Core.csproj", "{6AD70C49-C8C8-43A4-9073-FFDAC240CE27}"
EndProject
Project("{FAE04EC0-301F-11D3-BF4B-00C04F79EFBC}") = "TreeSize.Console.Debug", "TreeSize.Console.Debug\TreeSize.Console.Debug.csproj", "{3FB93988-B38D-4013-9FEC-A0E587311036}"
EndProject
Global
	GlobalSection(SolutionConfigurationPlatforms) = preSolution
		Debug|Any CPU = Debug|Any CPU
		Release|Any CPU = Release|Any CPU
	EndGlobalSection
	GlobalSection(ProjectConfigurationPlatforms) = postSolution
		{EC3489EB-42AA-49EE-8542-45BEEE1BB71F}.Debug|Any CPU.ActiveCfg = Debug|Any CPU
		{EC3489EB-42AA-49EE-8542-45BEEE1BB71F}.Debug|Any CPU.Build.0 = Debug|Any CPU
		{EC3489EB-42AA-49EE-8542-45BEEE1BB71F}.Release|Any CPU.ActiveCfg = Release|Any CPU
		{EC3489EB-42AA-49EE-8542-45BEEE1BB71F}.Release|Any CPU.Build.0 = Release|Any CPU
		{6AD70C49-C8C8-43A4-9073-FFDAC240CE27}.Debug|Any CPU.ActiveCfg = Debug|Any CPU
		{6AD70C49-C8C8-43A4-9073-FFDAC240CE27}.Debug|Any CPU.Build.0 = Debug|Any CPU
		{6AD70C49-C8C8-43A4-9073-FFDAC240CE27}.Release|Any CPU.ActiveCfg = Release|Any CPU
		{6AD70C49-C8C8-43A4-9073-FFDAC240CE27}.Release|Any CPU.Build.0 = Release|Any CPU
		{3FB93988-B38D-4013-9FEC-A0E587311036}.Debug|Any CPU.ActiveCfg = Debug|Any CPU
		{3FB93988-B38D-4013-9FEC-A0E587311036}.Debug|Any CPU.Build.0 = Debug|Any CPU
		{3FB93988-B38D-4013-9FEC-A0E587311036}.Release|Any CPU.ActiveCfg = Release|Any CPU
		{3FB93988-B38D-4013-9FEC-A0E587311036}.Release|Any CPU.Build.0 = Release|Any CPU
	EndGlobalSection
	GlobalSection(SolutionProperties) = preSolution
		HideSolutionNode = FALSE
	EndGlobalSection
	GlobalSection(ExtensibilityGlobals) = postSolution
		SolutionGuid = {C95C7DFA-A09F-467C-9D73-B2E925C15FED}
	EndGlobalSection
EndGlobal
